
Microsoft Visual Studio Solution File, Format Version 11.00
# Visual Studio 2010
Project("{FAE04EC0-301F-11D3-BF4B-00C04F79EFBC}") = "HttpClient", "HttpClient\HttpClient.csproj", "{1812619F-A4AF-4885-BB07-B4DEEF960D41}"
EndProject
Project("{FAE04EC0-301F-11D3-BF4B-00C04F79EFBC}") = "PostHelpr", "PostHelpr\PostHelpr.csproj", "{45FA8793-945D-4FE4-BBF0-DFFB348C0A77}"
EndProject
Project("{FAE04EC0-301F-11D3-BF4B-00C04F79EFBC}") = "TestProject1", "TestProject1\TestProject1.csproj", "{751D0570-FDFE-4D14-A182-676A73A62150}"
EndProject
Project("{2150E333-8FDC-42A3-9474-1A3956D46DE8}") = "Solution Items", "Solution Items", "{A0BD80EB-C992-4E91-8974-BAB1E5EF85DC}"
	ProjectSection(SolutionItems) = preProject
		GreedyCommon.vsmdi = GreedyCommon.vsmdi
		Local.testsettings = Local.testsettings
		TraceAndTestImpact.testsettings = TraceAndTestImpact.testsettings
	EndProjectSection
EndProject
Global
	GlobalSection(SubversionScc) = preSolution
		Svn-Managed = True
		Manager = AnkhSVN - Subversion Support for Visual Studio
	EndGlobalSection
	GlobalSection(SolutionConfigurationPlatforms) = preSolution
		Debug|Any CPU = Debug|Any CPU
		Release|Any CPU = Release|Any CPU
	EndGlobalSection
	GlobalSection(ProjectConfigurationPlatforms) = postSolution
		{1812619F-A4AF-4885-BB07-B4DEEF960D41}.Debug|Any CPU.ActiveCfg = Debug|Any CPU
		{1812619F-A4AF-4885-BB07-B4DEEF960D41}.Debug|Any CPU.Build.0 = Debug|Any CPU
		{1812619F-A4AF-4885-BB07-B4DEEF960D41}.Release|Any CPU.ActiveCfg = Release|Any CPU
		{1812619F-A4AF-4885-BB07-B4DEEF960D41}.Release|Any CPU.Build.0 = Release|Any CPU
		{45FA8793-945D-4FE4-BBF0-DFFB348C0A77}.Debug|Any CPU.ActiveCfg = Debug|Any CPU
		{45FA8793-945D-4FE4-BBF0-DFFB348C0A77}.Debug|Any CPU.Build.0 = Debug|Any CPU
		{45FA8793-945D-4FE4-BBF0-DFFB348C0A77}.Release|Any CPU.ActiveCfg = Release|Any CPU
		{45FA8793-945D-4FE4-BBF0-DFFB348C0A77}.Release|Any CPU.Build.0 = Release|Any CPU
		{751D0570-FDFE-4D14-A182-676A73A62150}.Debug|Any CPU.ActiveCfg = Debug|Any CPU
		{751D0570-FDFE-4D14-A182-676A73A62150}.Debug|Any CPU.Build.0 = Debug|Any CPU
		{751D0570-FDFE-4D14-A182-676A73A62150}.Release|Any CPU.ActiveCfg = Release|Any CPU
		{751D0570-FDFE-4D14-A182-676A73A62150}.Release|Any CPU.Build.0 = Release|Any CPU
	EndGlobalSection
	GlobalSection(SolutionProperties) = preSolution
		HideSolutionNode = FALSE
	EndGlobalSection
EndGlobal
